Microsoft Visual Studio Solution File, Format Version 12.00
# Visual Studio Version 17
VisualStudioVersion = 17.5.2.0
MinimumVisualStudioVersion = 10.0.40219.1
Project("{FAE04EC0-301F-11D3-BF4B-00C04F79EFBC}") = "c-showcase", "c-showcase.csproj", "{DA5E7904-8197-E9E7-267A-39F82EAB6BBD}"
EndProject
Global
	GlobalSection(SolutionConfigurationPlatforms) = preSolution
		Debug|Any CPU = Debug|Any CPU
		Release|Any CPU = Release|Any CPU
	EndGlobalSection
	GlobalSection(ProjectConfigurationPlatforms) = postSolution
		{DA5E7904-8197-E9E7-267A-39F82EAB6BBD}.Debug|Any CPU.ActiveCfg = Debug|Any CPU
		{DA5E7904-8197-E9E7-267A-39F82EAB6BBD}.Debug|Any CPU.Build.0 = Debug|Any CPU
		{DA5E7904-8197-E9E7-267A-39F82EAB6BBD}.Release|Any CPU.ActiveCfg = Release|Any CPU
		{DA5E7904-8197-E9E7-267A-39F82EAB6BBD}.Release|Any CPU.Build.0 = Release|Any CPU
	EndGlobalSection
	GlobalSection(SolutionProperties) = preSolution
		HideSolutionNode = FALSE
	EndGlobalSection
	GlobalSection(ExtensibilityGlobals) = postSolution
		SolutionGuid = {B6834A49-6660-48BE-B4DC-8B9E40BDC3DC}
	EndGlobalSection
EndGlobal
